// !$*UTF8*$!
{
	archiveVersion = 1;
	classes = {
	};
	objectVersion = 46;
	objects = {

/* Begin PBXBuildFile section */
		3F8E4FFD1DC2E26F00405544 /* AppDelegate.swift in Sources */ = {isa = PBXBuildFile; fileRef = 3F8E4FFC1DC2E26F00405544 /* AppDelegate.swift */; };
		3F8E4FFF1DC2E26F00405544 /* ViewController.swift in Sources */ = {isa = PBXBuildFile; fileRef = 3F8E4FFE1DC2E26F00405544 /* ViewController.swift */; };
		3F8E50021DC2E27000405544 /* Main.storyboard in Resources */ = {isa = PBXBuildFile; fileRef = 3F8E50001DC2E27000405544 /* Main.storyboard */; };
		3F8E50041DC2E27000405544 /* Assets.xcassets in Resources */ = {isa = PBXBuildFile; fileRef = 3F8E50031DC2E27000405544 /* Assets.xcassets */; };
		3F8E50071DC2E27000405544 /* LaunchScreen.storyboard in Resources */ = {isa = PBXBuildFile; fileRef = 3F8E50051DC2E27000405544 /* LaunchScreen.storyboard */; };
		3F8E501B1DC2E3F400405544 /* ZJRefreshControl.swift in Sources */ = {isa = PBXBuildFile; fileRef = 3F8E501A1DC2E3F400405544 /* ZJRefreshControl.swift */; };
		3FDC6BD81DC3277400F4B3CB /* IndexTableViewCell.swift in Sources */ = {isa = PBXBuildFile; fileRef = 3FDC6BD61DC3277400F4B3CB /* IndexTableViewCell.swift */; };
		3FDC6BD91DC3277400F4B3CB /* IndexTableViewCell.xib in Resources */ = {isa = PBXBuildFile; fileRef = 3FDC6BD71DC3277400F4B3CB /* IndexTableViewCell.xib */; };
/* End PBXBuildFile section */

/* Begin PBXFileReference section */
		3F8E4FF91DC2E26F00405544 /* ZJRefreshControl.app */ = {isa = PBXFileReference; explicitFileType = wrapper.application; includeInIndex = 0; path = ZJRefreshControl.app; sourceTree = BUILT_PRODUCTS_DIR; };
		3F8E4FFC1DC2E26F00405544 /* AppDelegate.swift */ = {isa = PBXFileReference; lastKnownFileType = sourcecode.swift; path = AppDelegate.swift; sourceTree = "<group>"; };
		3F8E4FFE1DC2E26F00405544 /* ViewController.swift */ = {isa = PBXFileReference; lastKnownFileType = sourcecode.swift; path = ViewController.swift; sourceTree = "<group>"; };
		3F8E50011DC2E27000405544 /* Base */ = {isa = PBXFileReference; lastKnownFileType = file.storyboard; name = Base; path = Base.lproj/Main.storyboard; sourceTree = "<group>"; };
		3F8E50031DC2E27000405544 /* Assets.xcassets */ = {isa = PBXFileReference; lastKnownFileType = folder.assetcatalog; path = Assets.xcassets; sourceTree = "<group>"; };
		3F8E50061DC2E27000405544 /* Base */ = {isa = PBXFileReference; lastKnownFileType = file.storyboard; name = Base; path = Base.lproj/LaunchScreen.storyboard; sourceTree = "<group>"; };
		3F8E50081DC2E27000405544 /* Info.plist */ = {isa = PBXFileReference; lastKnownFileType = text.plist.xml; path = Info.plist; sourceTree = "<group>"; };
		3F8E501A1DC2E3F400405544 /* ZJRefreshControl.swift */ = {isa = PBXFileReference; fileEncoding = 4; lastKnownFileType = sourcecode.swift; path = ZJRefreshControl.swift; sourceTree = "<group>"; };
		3FDC6BD61DC3277400F4B3CB /* IndexTableViewCell.swift */ = {isa = PBXFileReference; fileEncoding = 4; lastKnownFileType = sourcecode.swift; path = IndexTableViewCell.swift; sourceTree = "<group>"; };
		3FDC6BD71DC3277400F4B3CB /* IndexTableViewCell.xib */ = {isa = PBXFileReference; fileEncoding = 4; lastKnownFileType = file.xib; path = IndexTableViewCell.xib; sourceTree = "<group>"; };
/* End PBXFileReference section */

/* Begin PBXFrameworksBuildPhase section */
		3F8E4FF61DC2E26F00405544 /* Frameworks */ = {
			isa = PBXFrameworksBuildPhase;
			buildActionMask = 2147483647;
			files = (
			);
			runOnlyForDeploymentPostprocessing = 0;
		};
/* End PBXFrameworksBuildPhase section */

/* Begin PBXGroup section */
		3F8E4FF01DC2E26E00405544 = {
			isa = PBXGroup;
			children = (
				3F8E4FFB1DC2E26F00405544 /* ZJRefreshControl */,
				3F8E4FFA1DC2E26F00405544 /* Products */,
			);
			sourceTree = "<group>";
		};
		3F8E4FFA1DC2E26F00405544 /* Products */ = {
			isa = PBXGroup;
			children = (
				3F8E4FF91DC2E26F00405544 /* ZJRefreshControl.app */,
			);
			name = Products;
			sourceTree = "<group>";
		};
		3F8E4FFB1DC2E26F00405544 /* ZJRefreshControl */ = {
			isa = PBXGroup;
			children = (
				3FDC6BD51DC3266300F4B3CB /* View */,
				3F8E500E1DC2E33300405544 /* Lib */,
				3F8E4FFC1DC2E26F00405544 /* AppDelegate.swift */,
				3F8E4FFE1DC2E26F00405544 /* ViewController.swift */,
				3F8E50001DC2E27000405544 /* Main.storyboard */,
				3F8E50031DC2E27000405544 /* Assets.xcassets */,
				3F8E50051DC2E27000405544 /* LaunchScreen.storyboard */,
				3F8E50081DC2E27000405544 /* Info.plist */,
			);
			path = ZJRefreshControl;
			sourceTree = "<group>";
		};
		3F8E500E1DC2E33300405544 /* Lib */ = {
			isa = PBXGroup;
			children = (
				3F8E500F1DC2E33300405544 /* ZJRefreshControl */,
			);
			path = Lib;
			sourceTree = "<group>";
		};
		3F8E500F1DC2E33300405544 /* ZJRefreshControl */ = {
			isa = PBXGroup;
			children = (
				3F8E501A1DC2E3F400405544 /* ZJRefreshControl.swift */,
			);
			path = ZJRefreshControl;
			sourceTree = "<group>";
		};
		3FDC6BD51DC3266300F4B3CB /* View */ = {
			isa = PBXGroup;
			children = (
				3FDC6BD61DC3277400F4B3CB /* IndexTableViewCell.swift */,
				3FDC6BD71DC3277400F4B3CB /* IndexTableViewCell.xib */,
			);
			path = View;
			sourceTree = "<group>";
		};
/* End PBXGroup section */

/* Begin PBXNativeTarget section */
		3F8E4FF81DC2E26F00405544 /* ZJRefreshControl */ = {
			isa = PBXNativeTarget;
			buildConfigurationList = 3F8E500B1DC2E27000405544 /* Build configuration list for PBXNativeTarget "ZJRefreshControl" */;
			buildPhases = (
				3F8E4FF51DC2E26F00405544 /* Sources */,
				3F8E4FF61DC2E26F00405544 /* Frameworks */,
				3F8E4FF71DC2E26F00405544 /* Resources */,
			);
			buildRules = (
			);
			dependencies = (
			);
			name = ZJRefreshControl;
			productName = ZJRefreshControl;
			productReference = 3F8E4FF91DC2E26F00405544 /* ZJRefreshControl.app */;
			productType = "com.apple.product-type.application";
		};
/* End PBXNativeTarget section */

/* Begin PBXProject section */
		3F8E4FF11DC2E26E00405544 /* Project object */ = {
			isa = PBXProject;
			attributes = {
				LastSwiftUpdateCheck = 0800;
				LastUpgradeCheck = 0920;
				ORGANIZATIONNAME = "张剑";
				TargetAttributes = {
					3F8E4FF81DC2E26F00405544 = {
						CreatedOnToolsVersion = 8.0;
						DevelopmentTeam = ZE78BS9TBK;
						LastSwiftMigration = 0920;
						ProvisioningStyle = Automatic;
					};
				};
			};
			buildConfigurationList = 3F8E4FF41DC2E26E00405544 /* Build configuration list for PBXProject "ZJRefreshControl" */;
			compatibilityVersion = "Xcode 3.2";
			developmentRegion = English;
			hasScannedForEncodings = 0;
			knownRegions = (
				en,
				Base,
			);
			mainGroup = 3F8E4FF01DC2E26E00405544;
			productRefGroup = 3F8E4FFA1DC2E26F00405544 /* Products */;
			projectDirPath = "";
			projectRoot = "";
			targets = (
				3F8E4FF81DC2E26F00405544 /* ZJRefreshControl */,
			);
		};
/* End PBXProject section */

/* Begin PBXResourcesBuildPhase section */
		3F8E4FF71DC2E26F00405544 /* Resources */ = {
			isa = PBXResourcesBuildPhase;
			buildActionMask = 2147483647;
			files = (
				3F8E50071DC2E27000405544 /* LaunchScreen.storyboard in Resources */,
				3F8E50041DC2E27000405544 /* Assets.xcassets in Resources */,
				3FDC6BD91DC3277400F4B3CB /* IndexTableViewCell.xib in Resources */,
				3F8E50021DC2E27000405544 /* Main.storyboard in Resources */,
			);
			runOnlyForDeploymentPostprocessing = 0;
		};
/* End PBXResourcesBuildPhase section */

/* Begin PBXSourcesBuildPhase section */
		3F8E4FF51DC2E26F00405544 /* Sources */ = {
			isa = PBXSourcesBuildPhase;
			buildActionMask = 2147483647;
			files = (
				3F8E501B1DC2E3F400405544 /* ZJRefreshControl.swift in Sources */,
				3F8E4FFF1DC2E26F00405544 /* ViewController.swift in Sources */,
				3FDC6BD81DC3277400F4B3CB /* IndexTableViewCell.swift in Sources */,
				3F8E4FFD1DC2E26F00405544 /* AppDelegate.swift in Sources */,
			);
			runOnlyForDeploymentPostprocessing = 0;
		};
/* End PBXSourcesBuildPhase section */

/* Begin PBXVariantGroup section */
		3F8E50001DC2E27000405544 /* Main.storyboard */ = {
			isa = PBXVariantGroup;
			children = (
				3F8E50011DC2E27000405544 /* Base */,
			);
			name = Main.storyboard;
			sourceTree = "<group>";
		};
		3F8E50051DC2E27000405544 /* LaunchScreen.storyboard */ = {
			isa = PBXVariantGroup;
			children = (
				3F8E50061DC2E27000405544 /* Base */,
			);
			name = LaunchScreen.storyboard;
			sourceTree = "<group>";
		};
/* End PBXVariantGroup section */

/* Begin XCBuildConfiguration section */
		3F8E50091DC2E27000405544 /* Debug */ = {
			isa = XCBuildConfiguration;
			buildSettings = {
				ALWAYS_SEARCH_USER_PATHS = NO;
				CLANG_ANALYZER_NONNULL = YES;
				CLANG_CXX_LANGUAGE_STANDARD = "gnu++0x";
				CLANG_CXX_LIBRARY = "libc++";
				CLANG_ENABLE_MODULES = YES;
				CLANG_ENABLE_OBJC_ARC = YES;
				CLANG_WARN_BLOCK_CAPTURE_AUTORELEASING = YES;
				CLANG_WARN_BOOL_CONVERSION = YES;
				CLANG_WARN_COMMA = YES;
				CLANG_WARN_CONSTANT_CONVERSION = YES;
				CLANG_WARN_DIRECT_OBJC_ISA_USAGE = YES_ERROR;
				CLANG_WARN_DOCUMENTATION_COMMENTS = YES;
				CLANG_WARN_EMPTY_BODY = YES;
				CLANG_WARN_ENUM_CONVERSION = YES;
				CLANG_WARN_INFINITE_RECURSION = YES;
				CLANG_WARN_INT_CONVERSION = YES;
				CLANG_WARN_NON_LITERAL_NULL_CONVERSION = YES;
				CLANG_WARN_OBJC_LITERAL_CONVERSION = YES;
				CLANG_WARN_OBJC_ROOT_CLASS = YES_ERROR;
				CLANG_WARN_RANGE_LOOP_ANALYSIS = YES;
				CLANG_WARN_STRICT_PROTOTYPES = YES;
				CLANG_WARN_SUSPICIOUS_MOVE = YES;
				CLANG_WARN_SUSPICIOUS_MOVES = YES;
				CLANG_WARN_UNREACHABLE_CODE = YES;
				CLANG_WARN__DUPLICATE_METHOD_MATCH = YES;
				"CODE_SIGN_IDENTITY[sdk=iphoneos*]" = "iPhone Developer";
				COPY_PHASE_STRIP = NO;
				DEBUG_INFORMATION_FORMAT = dwarf;
				ENABLE_STRICT_OBJC_MSGSEND = YES;
				ENABLE_TESTABILITY = YES;
				GCC_C_LANGUAGE_STANDARD = gnu99;
				GCC_DYNAMIC_NO_PIC = NO;
				GCC_NO_COMMON_BLOCKS = YES;
				GCC_OPTIMIZATION_LEVEL = 0;
				GCC_PREPROCESSOR_DEFINITIONS = (
					"DEBUG=1",
					"$(inherited)",
				);
				GCC_WARN_64_TO_32_BIT_CONVERSION = YES;
				GCC_WARN_ABOUT_RETURN_TYPE = YES_ERROR;
				GCC_WARN_UNDECLARED_SELECTOR = YES;
				GCC_WARN_UNINITIALIZED_AUTOS = YES_AGGRESSIVE;
				GCC_WARN_UNUSED_FUNCTION = YES;
				GCC_WARN_UNUSED_VARIABLE = YES;
				IPHONEOS_DEPLOYMENT_TARGET = 10.0;
				MTL_ENABLE_DEBUG_INFO = YES;
				ONLY_ACTIVE_ARCH = YES;
				SDKROOT = iphoneos;
				SWIFT_ACTIVE_COMPILATION_CONDITIONS = DEBUG;
				SWIFT_OPTIMIZATION_LEVEL = "-Onone";
			};
			name = Debug;
		};
		3F8E500A1DC2E27000405544 /* Release */ = {
			isa = XCBuildConfiguration;
			buildSettings = {
				ALWAYS_SEARCH_USER_PATHS = NO;
				CLANG_ANALYZER_NONNULL = YES;
				CLANG_CXX_LANGUAGE_STANDARD = "gnu++0x";
				CLANG_CXX_LIBRARY = "libc++";
				CLANG_ENABLE_MODULES = YES;
				CLANG_ENABLE_OBJC_ARC = YES;
				CLANG_WARN_BLOCK_CAPTURE_AUTORELEASING = YES;
				CLANG_WARN_BOOL_CONVERSION = YES;
				CLANG_WARN_COMMA = YES;
				CLANG_WARN_CONSTANT_CONVERSION = YES;
				CLANG_WARN_DIRECT_OBJC_ISA_USAGE = YES_ERROR;
				CLANG_WARN_DOCUMENTATION_COMMENTS = YES;
				CLANG_WARN_EMPTY_BODY = YES;
				CLANG_WARN_ENUM_CONVERSION = YES;
				CLANG_WARN_INFINITE_RECURSION = YES;
				CLANG_WARN_INT_CONVERSION = YES;
				CLANG_WARN_NON_LITERAL_NULL_CONVERSION = YES;
				CLANG_WARN_OBJC_LITERAL_CONVERSION = YES;
				CLANG_WARN_OBJC_ROOT_CLASS = YES_ERROR;
				CLANG_WARN_RANGE_LOOP_ANALYSIS = YES;
				CLANG_WARN_STRICT_PROTOTYPES = YES;
				CLANG_WARN_SUSPICIOUS_MOVE = YES;
				CLANG_WARN_SUSPICIOUS_MOVES = YES;
				CLANG_WARN_UNREACHABLE_CODE = YES;
				CLANG_WARN__DUPLICATE_METHOD_MATCH = YES;
				"CODE_SIGN_IDENTITY[sdk=iphoneos*]" = "iPhone Developer";
				COPY_PHASE_STRIP = NO;
				DEBUG_INFORMATION_FORMAT = "dwarf-with-dsym";
				ENABLE_NS_ASSERTIONS = NO;
				ENABLE_STRICT_OBJC_MSGSEND = YES;
				GCC_C_LANGUAGE_STANDARD = gnu99;
				GCC_NO_COMMON_BLOCKS = YES;
				GCC_WARN_64_TO_32_BIT_CONVERSION = YES;
				GCC_WARN_ABOUT_RETURN_TYPE = YES_ERROR;
				GCC_WARN_UNDECLARED_SELECTOR = YES;
				GCC_WARN_UNINITIALIZED_AUTOS = YES_AGGRESSIVE;
				GCC_WARN_UNUSED_FUNCTION = YES;
				GCC_WARN_UNUSED_VARIABLE = YES;
				IPHONEOS_DEPLOYMENT_TARGET = 10.0;
				MTL_ENABLE_DEBUG_INFO = NO;
				SDKROOT = iphoneos;
				SWIFT_OPTIMIZATION_LEVEL = "-Owholemodule";
				VALIDATE_PRODUCT = YES;
			};
			name = Release;
		};
		3F8E500C1DC2E27000405544 /* Debug */ = {
			isa = XCBuildConfiguration;
			buildSettings = {
				ASSETCATALOG_COMPILER_APPICON_NAME = AppIcon;
				DEVELOPMENT_TEAM = ZE78BS9TBK;
				INFOPLIST_FILE = ZJRefreshControl/Info.plist;
				LD_RUNPATH_SEARCH_PATHS = "$(inherited) @executable_path/Frameworks";
				PRODUCT_BUNDLE_IDENTIFIER = cn.psvmc.ZJRefreshControl;
				PRODUCT_NAME = "$(TARGET_NAME)";
				SWIFT_SWIFT3_OBJC_INFERENCE = Default;
				SWIFT_VERSION = 4.0;
			};
			name = Debug;
		};
		3F8E500D1DC2E27000405544 /* Release */ = {
			isa = XCBuildConfiguration;
			buildSettings = {
				ASSETCATALOG_COMPILER_APPICON_NAME = AppIcon;
				DEVELOPMENT_TEAM = ZE78BS9TBK;
				INFOPLIST_FILE = ZJRefreshControl/Info.plist;
				LD_RUNPATH_SEARCH_PATHS = "$(inherited) @executable_path/Frameworks";
				PRODUCT_BUNDLE_IDENTIFIER = cn.psvmc.ZJRefreshControl;
				PRODUCT_NAME = "$(TARGET_NAME)";
				SWIFT_SWIFT3_OBJC_INFERENCE = Default;
				SWIFT_VERSION = 4.0;
			};
			name = Release;
		};
/* End XCBuildConfiguration section */

/* Begin XCConfigurationList section */
		3F8E4FF41DC2E26E00405544 /* Build configuration list for PBXProject "ZJRefreshControl" */ = {
			isa = XCConfigurationList;
			buildConfigurations = (
				3F8E50091DC2E27000405544 /* Debug */,
				3F8E500A1DC2E27000405544 /* Release */,
			);
			defaultConfigurationIsVisible = 0;
			defaultConfigurationName = Release;
		};
		3F8E500B1DC2E27000405544 /* Build configuration list for PBXNativeTarget "ZJRefreshControl" */ = {
			isa = XCConfigurationList;
			buildConfigurations = (
				3F8E500C1DC2E27000405544 /* Debug */,
				3F8E500D1DC2E27000405544 /* Release */,
			);
			defaultConfigurationIsVisible = 0;
			defaultConfigurationName = Release;
		};
/* End XCConfigurationList section */
	};
	rootObject = 3F8E4FF11DC2E26E00405544 /* Project object */;
}
